# This file is automatically @generated by Cargo.
# It is not intended for manual editing.
[[package]]
name = "adler32"
version = "1.0.4"
source = "registry+https://github.com/rust-lang/crates.io-index"
checksum = "5d2e7343e7fc9de883d1b0341e0b13970f764c14101234857d2ddafa1cb1cac2"

[[package]]
name = "cfg-if"
version = "0.1.10"
source = "registry+https://github.com/rust-lang/crates.io-index"
checksum = "4785bdd1c96b2a846b2bd7cc02e86b6b3dbf14e7e53446c4f54c92a361040822"

[[package]]
name = "crc32fast"
version = "1.2.0"
source = "registry+https://github.com/rust-lang/crates.io-index"
checksum = "ba125de2af0df55319f41944744ad91c71113bf74a4646efff39afe1f6842db1"
dependencies = [
 "cfg-if",
]

[[package]]
name = "ctor"
version = "0.1.14"
source = "registry+https://github.com/rust-lang/crates.io-index"
checksum = "cf6b25ee9ac1995c54d7adb2eff8cfffb7260bc774fb63c601ec65467f43cd9d"
dependencies = [
 "quote",
 "syn",
]

[[package]]
name = "flate2"
version = "1.0.14"
source = "registry+https://github.com/rust-lang/crates.io-index"
checksum = "2cfff41391129e0a856d6d822600b8d71179d46879e310417eb9c762eb178b42"
dependencies = [
 "cfg-if",
 "crc32fast",
 "libc",
 "miniz_oxide",
]

[[package]]
name = "ghost"
version = "0.1.1"
source = "registry+https://github.com/rust-lang/crates.io-index"
checksum = "2a36606a68532b5640dc86bb1f33c64b45c4682aad4c50f3937b317ea387f3d6"
dependencies = [
 "proc-macro2",
 "quote",
 "syn",
]

[[package]]
name = "indoc"
version = "0.3.5"
source = "registry+https://github.com/rust-lang/crates.io-index"
checksum = "79255cf29f5711995ddf9ec261b4057b1deb34e66c90656c201e41376872c544"
dependencies = [
 "indoc-impl",
 "proc-macro-hack",
]

[[package]]
name = "indoc-impl"
version = "0.3.5"
source = "registry+https://github.com/rust-lang/crates.io-index"
checksum = "54554010aa3d17754e484005ea0022f1c93839aabc627c2c55f3d7b47206134c"
dependencies = [
 "proc-macro-hack",
 "proc-macro2",
 "quote",
 "syn",
 "unindent",
]

[[package]]
name = "inventory"
version = "0.1.6"
source = "registry+https://github.com/rust-lang/crates.io-index"
checksum = "82d3f4b90287725c97b17478c60dda0c6324e7c84ee1ed72fb9179d0fdf13956"
dependencies = [
 "ctor",
 "ghost",
 "inventory-impl",
]

[[package]]
name = "inventory-impl"
version = "0.1.6"
source = "registry+https://github.com/rust-lang/crates.io-index"
checksum = "9092a4fefc9d503e9287ef137f03180a6e7d1b04c419563171ee14947c5e80ec"
dependencies = [
 "proc-macro2",
 "quote",
 "syn",
]

[[package]]
name = "libc"
version = "0.2.69"
source = "registry+https://github.com/rust-lang/crates.io-index"
checksum = "99e85c08494b21a9054e7fe1374a732aeadaff3980b6990b94bfd3a70f690005"

[[package]]
name = "map_service"
version = "0.1.0"
dependencies = [
 "flate2",
 "pyo3",
 "quick-xml",
]

[[package]]
name = "memchr"
version = "2.3.3"
source = "registry+https://github.com/rust-lang/crates.io-index"
checksum = "3728d817d99e5ac407411fa471ff9800a778d88a24685968b36824eaf4bee400"

[[package]]
name = "miniz_oxide"
version = "0.3.6"
source = "registry+https://github.com/rust-lang/crates.io-index"
checksum = "aa679ff6578b1cddee93d7e82e263b94a575e0bfced07284eb0c037c1d2416a5"
dependencies = [
 "adler32",
]

[[package]]
name = "paste"
version = "0.1.11"
source = "registry+https://github.com/rust-lang/crates.io-index"
checksum = "a3c897744f63f34f7ae3a024d9162bb5001f4ad661dd24bea0dc9f075d2de1c6"
dependencies = [
 "paste-impl",
 "proc-macro-hack",
]

[[package]]
name = "paste-impl"
version = "0.1.11"
source = "registry+https://github.com/rust-lang/crates.io-index"
checksum = "66fd6f92e3594f2dd7b3fc23e42d82e292f7bcda6d8e5dcd167072327234ab89"
dependencies = [
 "proc-macro-hack",
 "proc-macro2",
 "quote",
 "syn",
]

[[package]]
name = "proc-macro-hack"
version = "0.5.15"
source = "registry+https://github.com/rust-lang/crates.io-index"
checksum = "0d659fe7c6d27f25e9d80a1a094c223f5246f6a6596453e09d7229bf42750b63"

[[package]]
name = "proc-macro2"
version = "1.0.12"
source = "registry+https://github.com/rust-lang/crates.io-index"
checksum = "8872cf6f48eee44265156c111456a700ab3483686b3f96df4cf5481c89157319"
dependencies = [
 "unicode-xid",
]

[[package]]
name = "pyo3"
version = "0.9.2"
source = "git+https://github.com/PyO3/pyo3.git#626268d28aeef57c04b45bdc8140966965742d5f#ab374b40daa0a85a7db1b053a0e9e045c593f303"
dependencies = [
 "indoc",
 "inventory",
 "libc",
 "paste",
 "pyo3cls",
 "unindent",
 "version_check",
]

[[package]]
name = "pyo3-derive-backend"
version = "0.9.2"
source = "git+https://github.com/PyO3/pyo3.git#626268d28aeef57c04b45bdc8140966965742d5f#ab374b40daa0a85a7db1b053a0e9e045c593f303"
dependencies = [
 "proc-macro2",
 "quote",
 "syn",
]

[[package]]
name = "pyo3cls"
version = "0.9.2"
source = "git+https://github.com/PyO3/pyo3.git#626268d28aeef57c04b45bdc8140966965742d5f#ab374b40daa0a85a7db1b053a0e9e045c593f303"
dependencies = [
 "pyo3-derive-backend",
 "quote",
 "syn",
]

[[package]]
name = "quick-xml"
version = "0.18.1"
source = "registry+https://github.com/rust-lang/crates.io-index"
checksum = "3cc440ee4802a86e357165021e3e255a9143724da31db1e2ea540214c96a0f82"
dependencies = [
 "memchr",
]

[[package]]
name = "quote"
version = "1.0.4"
source = "registry+https://github.com/rust-lang/crates.io-index"
checksum = "4c1f4b0efa5fc5e8ceb705136bfee52cfdb6a4e3509f770b478cd6ed434232a7"
dependencies = [
 "proc-macro2",
]

[[package]]
name = "syn"
version = "1.0.18"
source = "registry+https://github.com/rust-lang/crates.io-index"
checksum = "410a7488c0a728c7ceb4ad59b9567eb4053d02e8cc7f5c0e0eeeb39518369213"
dependencies = [
 "proc-macro2",
 "quote",
 "unicode-xid",
]

[[package]]
name = "unicode-xid"
version = "0.2.0"
source = "registry+https://github.com/rust-lang/crates.io-index"
checksum = "826e7639553986605ec5979c7dd957c7895e93eabed50ab2ffa7f6128a75097c"

[[package]]
name = "unindent"
version = "0.1.5"
source = "registry+https://github.com/rust-lang/crates.io-index"
checksum = "63f18aa3b0e35fed5a0048f029558b1518095ffe2a0a31fb87c93dece93a4993"

[[package]]
name = "version_check"
version = "0.9.1"
source = "registry+https://github.com/rust-lang/crates.io-index"
checksum = "078775d0255232fb988e6fccf26ddc9d1ac274299aaedcedce21c6f72cc533ce"
